{
  "name": "parcelbase",
  "version": "1.0.0",
  "lockfileVersion": 3,
  "requires": true,
  "packages": {
    "": {
      "name": "parcelbase",
      "version": "1.0.0",
      "license": "ISC",
      "dependencies": {
        "error-ex": "github:Qix-/node-error-ex"
      }
    },
    "node_modules/error-ex": {
      "version": "1.3.2",
      "resolved": "git+ssh://git@github.com/Qix-/node-error-ex.git#0fa2d9fd083462383998b961f8edd3b6a00a2a21",
      "license": "MIT",
      "dependencies": {
        "is-arrayish": "^0.2.1"
      }
    },
    "node_modules/is-arrayish": {
      "version": "0.2.1",
      "resolved": "https://registry.npmjs.org/is-arrayish/-/is-arrayish-0.2.1.tgz",
      "integrity": "sha512-zz06S8t0ozoDXMG+ube26zeCTNXcKIPJZJi8hBrF4idCLms4CG9QtK7qBl1boi5ODzFpjswb5JPmHCbMpjaYzg=="
    }
  }
}
